// !$*UTF8*$!
{
	archiveVersion = 1;
	classes = {
	};
	objectVersion = 46;
	objects = {

/* Begin PBXBuildFile section */
		16D5BE211B8C2B2A00439DA3 /* main.m in Sources */ = {isa = PBXBuildFile; fileRef = 16D5BE201B8C2B2A00439DA3 /* main.m */; };
		16D5BE241B8C2B2A00439DA3 /* AppDelegate.m in Sources */ = {isa = PBXBuildFile; fileRef = 16D5BE231B8C2B2A00439DA3 /* AppDelegate.m */; };
		16D5BE271B8C2B2A00439DA3 /* ViewController.m in Sources */ = {isa = PBXBuildFile; fileRef = 16D5BE261B8C2B2A00439DA3 /* ViewController.m */; };
		16D5BE2A1B8C2B2A00439DA3 /* Main.storyboard in Resources */ = {isa = PBXBuildFile; fileRef = 16D5BE281B8C2B2A00439DA3 /* Main.storyboard */; };
		16D5BE2C1B8C2B2A00439DA3 /* Images.xcassets in Resources */ = {isa = PBXBuildFile; fileRef = 16D5BE2B1B8C2B2A00439DA3 /* Images.xcassets */; };
		16D5BE2F1B8C2B2A00439DA3 /* LaunchScreen.xib in Resources */ = {isa = PBXBuildFile; fileRef = 16D5BE2D1B8C2B2A00439DA3 /* LaunchScreen.xib */; };
		16D5BE3B1B8C2B2A00439DA3 /* NetMonitorTests.m in Sources */ = {isa = PBXBuildFile; fileRef = 16D5BE3A1B8C2B2A00439DA3 /* NetMonitorTests.m */; };
		16D5BE461B8C3F1F00439DA3 /* WebTableViewController.m in Sources */ = {isa = PBXBuildFile; fileRef = 16D5BE451B8C3F1F00439DA3 /* WebTableViewController.m */; };
		16D5BE491B8C43CF00439DA3 /* WebStore.m in Sources */ = {isa = PBXBuildFile; fileRef = 16D5BE481B8C43CF00439DA3 /* WebStore.m */; };
		16D5BE5A1B8D6D1000439DA3 /* DetailViewTableViewCell.m in Sources */ = {isa = PBXBuildFile; fileRef = 16D5BE581B8D6D1000439DA3 /* DetailViewTableViewCell.m */; };
		16D5BE5B1B8D6D1000439DA3 /* DetailViewTableViewCell.xib in Resources */ = {isa = PBXBuildFile; fileRef = 16D5BE591B8D6D1000439DA3 /* DetailViewTableViewCell.xib */; };
		16D5BE6B1B8D6DFD00439DA3 /* code.png in Resources */ = {isa = PBXBuildFile; fileRef = 16D5BE5C1B8D6DFD00439DA3 /* code.png */; };
		16D5BE6C1B8D6DFD00439DA3 /* code@2x.png in Resources */ = {isa = PBXBuildFile; fileRef = 16D5BE5D1B8D6DFD00439DA3 /* code@2x.png */; };
		16D5BE6D1B8D6DFD00439DA3 /* code@3x.png in Resources */ = {isa = PBXBuildFile; fileRef = 16D5BE5E1B8D6DFD00439DA3 /* code@3x.png */; };
		16D5BE6E1B8D6DFD00439DA3 /* green.png in Resources */ = {isa = PBXBuildFile; fileRef = 16D5BE5F1B8D6DFD00439DA3 /* green.png */; };
		16D5BE6F1B8D6DFD00439DA3 /* green@2x.png in Resources */ = {isa = PBXBuildFile; fileRef = 16D5BE601B8D6DFD00439DA3 /* green@2x.png */; };
		16D5BE701B8D6DFD00439DA3 /* green@3x.png in Resources */ = {isa = PBXBuildFile; fileRef = 16D5BE611B8D6DFD00439DA3 /* green@3x.png */; };
		16D5BE711B8D6DFD00439DA3 /* indicator.png in Resources */ = {isa = PBXBuildFile; fileRef = 16D5BE621B8D6DFD00439DA3 /* indicator.png */; };
		16D5BE721B8D6DFD00439DA3 /* indicator@2x.png in Resources */ = {isa = PBXBuildFile; fileRef = 16D5BE631B8D6DFD00439DA3 /* indicator@2x.png */; };
		16D5BE731B8D6DFD00439DA3 /* indicator@3x.png in Resources */ = {isa = PBXBuildFile; fileRef = 16D5BE641B8D6DFD00439DA3 /* indicator@3x.png */; };
		16D5BE741B8D6DFD00439DA3 /* pulse.png in Resources */ = {isa = PBXBuildFile; fileRef = 16D5BE651B8D6DFD00439DA3 /* pulse.png */; };
		16D5BE751B8D6DFD00439DA3 /* pulse@2x.png in Resources */ = {isa = PBXBuildFile; fileRef = 16D5BE661B8D6DFD00439DA3 /* pulse@2x.png */; };
		16D5BE761B8D6DFD00439DA3 /* pulse@3x.png in Resources */ = {isa = PBXBuildFile; fileRef = 16D5BE671B8D6DFD00439DA3 /* pulse@3x.png */; };
		16D5BE771B8D6DFD00439DA3 /* red.png in Resources */ = {isa = PBXBuildFile; fileRef = 16D5BE681B8D6DFD00439DA3 /* red.png */; };
		16D5BE781B8D6DFD00439DA3 /* red@2x.png in Resources */ = {isa = PBXBuildFile; fileRef = 16D5BE691B8D6DFD00439DA3 /* red@2x.png */; };
		16D5BE791B8D6DFD00439DA3 /* red@3x.png in Resources */ = {isa = PBXBuildFile; fileRef = 16D5BE6A1B8D6DFD00439DA3 /* red@3x.png */; };
		16D5BE7D1B8D989C00439DA3 /* HeaderView.xib in Resources */ = {isa = PBXBuildFile; fileRef = 16D5BE7C1B8D989C00439DA3 /* HeaderView.xib */; };
		16D5BE801B8D98E200439DA3 /* HeaderView.m in Sources */ = {isa = PBXBuildFile; fileRef = 16D5BE7F1B8D98E200439DA3 /* HeaderView.m */; };
		16D5BE851B8EE59500439DA3 /* WebEntry.m in Sources */ = {isa = PBXBuildFile; fileRef = 16D5BE841B8EE59500439DA3 /* WebEntry.m */; };
/* End PBXBuildFile section */

/* Begin PBXContainerItemProxy section */
		16D5BE351B8C2B2A00439DA3 /* PBXContainerItemProxy */ = {
			isa = PBXContainerItemProxy;
			containerPortal = 16D5BE131B8C2B2A00439DA3 /* Project object */;
			proxyType = 1;
			remoteGlobalIDString = 16D5BE1A1B8C2B2A00439DA3;
			remoteInfo = NetMonitor;
		};
/* End PBXContainerItemProxy section */

/* Begin PBXFileReference section */
		16D5BE1B1B8C2B2A00439DA3 /* NetMonitor.app */ = {isa = PBXFileReference; explicitFileType = wrapper.application; includeInIndex = 0; path = NetMonitor.app; sourceTree = BUILT_PRODUCTS_DIR; };
		16D5BE1F1B8C2B2A00439DA3 /* Info.plist */ = {isa = PBXFileReference; lastKnownFileType = text.plist.xml; path = Info.plist; sourceTree = "<group>"; };
		16D5BE201B8C2B2A00439DA3 /* main.m */ = {isa = PBXFileReference; lastKnownFileType = sourcecode.c.objc; path = main.m; sourceTree = "<group>"; };
		16D5BE221B8C2B2A00439DA3 /* AppDelegate.h */ = {isa = PBXFileReference; lastKnownFileType = sourcecode.c.h; path = AppDelegate.h; sourceTree = "<group>"; };
		16D5BE231B8C2B2A00439DA3 /* AppDelegate.m */ = {isa = PBXFileReference; lastKnownFileType = sourcecode.c.objc; path = AppDelegate.m; sourceTree = "<group>"; };
		16D5BE251B8C2B2A00439DA3 /* ViewController.h */ = {isa = PBXFileReference; lastKnownFileType = sourcecode.c.h; path = ViewController.h; sourceTree = "<group>"; };
		16D5BE261B8C2B2A00439DA3 /* ViewController.m */ = {isa = PBXFileReference; lastKnownFileType = sourcecode.c.objc; path = ViewController.m; sourceTree = "<group>"; };
		16D5BE291B8C2B2A00439DA3 /* Base */ = {isa = PBXFileReference; lastKnownFileType = file.storyboard; name = Base; path = Base.lproj/Main.storyboard; sourceTree = "<group>"; };
		16D5BE2B1B8C2B2A00439DA3 /* Images.xcassets */ = {isa = PBXFileReference; lastKnownFileType = folder.assetcatalog; path = Images.xcassets; sourceTree = "<group>"; };
		16D5BE2E1B8C2B2A00439DA3 /* Base */ = {isa = PBXFileReference; lastKnownFileType = file.xib; name = Base; path = Base.lproj/LaunchScreen.xib; sourceTree = "<group>"; };
		16D5BE341B8C2B2A00439DA3 /* NetMonitorTests.xctest */ = {isa = PBXFileReference; explicitFileType = wrapper.cfbundle; includeInIndex = 0; path = NetMonitorTests.xctest; sourceTree = BUILT_PRODUCTS_DIR; };
		16D5BE391B8C2B2A00439DA3 /* Info.plist */ = {isa = PBXFileReference; lastKnownFileType = text.plist.xml; path = Info.plist; sourceTree = "<group>"; };
		16D5BE3A1B8C2B2A00439DA3 /* NetMonitorTests.m */ = {isa = PBXFileReference; lastKnownFileType = sourcecode.c.objc; path = NetMonitorTests.m; sourceTree = "<group>"; };
		16D5BE441B8C3F1F00439DA3 /* WebTableViewController.h */ = {isa = PBXFileReference; fileEncoding = 4; lastKnownFileType = sourcecode.c.h; path = WebTableViewController.h; sourceTree = "<group>"; };
		16D5BE451B8C3F1F00439DA3 /* WebTableViewController.m */ = {isa = PBXFileReference; fileEncoding = 4; lastKnownFileType = sourcecode.c.objc; path = WebTableViewController.m; sourceTree = "<group>"; };
		16D5BE471B8C43CF00439DA3 /* WebStore.h */ = {isa = PBXFileReference; fileEncoding = 4; lastKnownFileType = sourcecode.c.h; path = WebStore.h; sourceTree = "<group>"; };
		16D5BE481B8C43CF00439DA3 /* WebStore.m */ = {isa = PBXFileReference; fileEncoding = 4; lastKnownFileType = sourcecode.c.objc; path = WebStore.m; sourceTree = "<group>"; };
		16D5BE571B8D6D1000439DA3 /* DetailViewTableViewCell.h */ = {isa = PBXFileReference; fileEncoding = 4; lastKnownFileType = sourcecode.c.h; name = DetailViewTableViewCell.h; path = ../DetailViewTableViewCell.h; sourceTree = "<group>"; };
		16D5BE581B8D6D1000439DA3 /* DetailViewTableViewCell.m */ = {isa = PBXFileReference; fileEncoding = 4; lastKnownFileType = sourcecode.c.objc; name = DetailViewTableViewCell.m; path = ../DetailViewTableViewCell.m; sourceTree = "<group>"; };
		16D5BE591B8D6D1000439DA3 /* DetailViewTableViewCell.xib */ = {isa = PBXFileReference; fileEncoding = 4; lastKnownFileType = file.xib; name = DetailViewTableViewCell.xib; path = ../DetailViewTableViewCell.xib; sourceTree = "<group>"; };
		16D5BE5C1B8D6DFD00439DA3 /* code.png */ = {isa = PBXFileReference; lastKnownFileType = image.png; path = code.png; sourceTree = "<group>"; };
		16D5BE5D1B8D6DFD00439DA3 /* code@2x.png */ = {isa = PBXFileReference; lastKnownFileType = image.png; path = "code@2x.png"; sourceTree = "<group>"; };
		16D5BE5E1B8D6DFD00439DA3 /* code@3x.png */ = {isa = PBXFileReference; lastKnownFileType = image.png; path = "code@3x.png"; sourceTree = "<group>"; };
		16D5BE5F1B8D6DFD00439DA3 /* green.png */ = {isa = PBXFileReference; lastKnownFileType = image.png; path = green.png; sourceTree = "<group>"; };
		16D5BE601B8D6DFD00439DA3 /* green@2x.png */ = {isa = PBXFileReference; lastKnownFileType = image.png; path = "green@2x.png"; sourceTree = "<group>"; };
		16D5BE611B8D6DFD00439DA3 /* green@3x.png */ = {isa = PBXFileReference; lastKnownFileType = image.png; path = "green@3x.png"; sourceTree = "<group>"; };
		16D5BE621B8D6DFD00439DA3 /* indicator.png */ = {isa = PBXFileReference; lastKnownFileType = image.png; path = indicator.png; sourceTree = "<group>"; };
		16D5BE631B8D6DFD00439DA3 /* indicator@2x.png */ = {isa = PBXFileReference; lastKnownFileType = image.png; path = "indicator@2x.png"; sourceTree = "<group>"; };
		16D5BE641B8D6DFD00439DA3 /* indicator@3x.png */ = {isa = PBXFileReference; lastKnownFileType = image.png; path = "indicator@3x.png"; sourceTree = "<group>"; };
		16D5BE651B8D6DFD00439DA3 /* pulse.png */ = {isa = PBXFileReference; lastKnownFileType = image.png; path = pulse.png; sourceTree = "<group>"; };
		16D5BE661B8D6DFD00439DA3 /* pulse@2x.png */ = {isa = PBXFileReference; lastKnownFileType = image.png; path = "pulse@2x.png"; sourceTree = "<group>"; };
		16D5BE671B8D6DFD00439DA3 /* pulse@3x.png */ = {isa = PBXFileReference; lastKnownFileType = image.png; path = "pulse@3x.png"; sourceTree = "<group>"; };
		16D5BE681B8D6DFD00439DA3 /* red.png */ = {isa = PBXFileReference; lastKnownFileType = image.png; path = red.png; sourceTree = "<group>"; };
		16D5BE691B8D6DFD00439DA3 /* red@2x.png */ = {isa = PBXFileReference; lastKnownFileType = image.png; path = "red@2x.png"; sourceTree = "<group>"; };
		16D5BE6A1B8D6DFD00439DA3 /* red@3x.png */ = {isa = PBXFileReference; lastKnownFileType = image.png; path = "red@3x.png"; sourceTree = "<group>"; };
		16D5BE7C1B8D989C00439DA3 /* HeaderView.xib */ = {isa = PBXFileReference; fileEncoding = 4; lastKnownFileType = file.xib; path = HeaderView.xib; sourceTree = "<group>"; };
		16D5BE7E1B8D98E200439DA3 /* HeaderView.h */ = {isa = PBXFileReference; fileEncoding = 4; lastKnownFileType = sourcecode.c.h; path = HeaderView.h; sourceTree = "<group>"; };
		16D5BE7F1B8D98E200439DA3 /* HeaderView.m */ = {isa = PBXFileReference; fileEncoding = 4; lastKnownFileType = sourcecode.c.objc; path = HeaderView.m; sourceTree = "<group>"; };
		16D5BE831B8EE59500439DA3 /* WebEntry.h */ = {isa = PBXFileReference; fileEncoding = 4; lastKnownFileType = sourcecode.c.h; path = WebEntry.h; sourceTree = "<group>"; };
		16D5BE841B8EE59500439DA3 /* WebEntry.m */ = {isa = PBXFileReference; fileEncoding = 4; lastKnownFileType = sourcecode.c.objc; path = WebEntry.m; sourceTree = "<group>"; };
/* End PBXFileReference section */

/* Begin PBXFrameworksBuildPhase section */
		16D5BE181B8C2B2A00439DA3 /* Frameworks */ = {
			isa = PBXFrameworksBuildPhase;
			buildActionMask = 2147483647;
			files = (
			);
			runOnlyForDeploymentPostprocessing = 0;
		};
		16D5BE311B8C2B2A00439DA3 /* Frameworks */ = {
			isa = PBXFrameworksBuildPhase;
			buildActionMask = 2147483647;
			files = (
			);
			runOnlyForDeploymentPostprocessing = 0;
		};
/* End PBXFrameworksBuildPhase section */

/* Begin PBXGroup section */
		16D5BE121B8C2B2A00439DA3 = {
			isa = PBXGroup;
			children = (
				16D5BE1D1B8C2B2A00439DA3 /* NetMonitor */,
				16D5BE371B8C2B2A00439DA3 /* NetMonitorTests */,
				16D5BE1C1B8C2B2A00439DA3 /* Products */,
			);
			sourceTree = "<group>";
		};
		16D5BE1C1B8C2B2A00439DA3 /* Products */ = {
			isa = PBXGroup;
			children = (
				16D5BE1B1B8C2B2A00439DA3 /* NetMonitor.app */,
				16D5BE341B8C2B2A00439DA3 /* NetMonitorTests.xctest */,
			);
			name = Products;
			sourceTree = "<group>";
		};
		16D5BE1D1B8C2B2A00439DA3 /* NetMonitor */ = {
			isa = PBXGroup;
			children = (
				16D5BE881B8EE5EB00439DA3 /* Controller */,
				16D5BE871B8EE5C500439DA3 /* View */,
				16D5BE861B8EE5A300439DA3 /* Model */,
				16D5BE281B8C2B2A00439DA3 /* Main.storyboard */,
				16D5BE2D1B8C2B2A00439DA3 /* LaunchScreen.xib */,
				16D5BE2B1B8C2B2A00439DA3 /* Images.xcassets */,
				16D5BE1E1B8C2B2A00439DA3 /* Supporting Files */,
			);
			path = NetMonitor;
			sourceTree = "<group>";
		};
		16D5BE1E1B8C2B2A00439DA3 /* Supporting Files */ = {
			isa = PBXGroup;
			children = (
				16D5BE221B8C2B2A00439DA3 /* AppDelegate.h */,
				16D5BE231B8C2B2A00439DA3 /* AppDelegate.m */,
				16D5BE7A1B8D6E0500439DA3 /* images */,
				16D5BE1F1B8C2B2A00439DA3 /* Info.plist */,
				16D5BE201B8C2B2A00439DA3 /* main.m */,
			);
			name = "Supporting Files";
			sourceTree = "<group>";
		};
		16D5BE371B8C2B2A00439DA3 /* NetMonitorTests */ = {
			isa = PBXGroup;
			children = (
				16D5BE3A1B8C2B2A00439DA3 /* NetMonitorTests.m */,
				16D5BE381B8C2B2A00439DA3 /* Supporting Files */,
			);
			path = NetMonitorTests;
			sourceTree = "<group>";
		};
		16D5BE381B8C2B2A00439DA3 /* Supporting Files */ = {
			isa = PBXGroup;
			children = (
				16D5BE391B8C2B2A00439DA3 /* Info.plist */,
			);
			name = "Supporting Files";
			sourceTree = "<group>";
		};
		16D5BE7A1B8D6E0500439DA3 /* images */ = {
			isa = PBXGroup;
			children = (
				16D5BE5C1B8D6DFD00439DA3 /* code.png */,
				16D5BE5D1B8D6DFD00439DA3 /* code@2x.png */,
				16D5BE5E1B8D6DFD00439DA3 /* code@3x.png */,
				16D5BE5F1B8D6DFD00439DA3 /* green.png */,
				16D5BE601B8D6DFD00439DA3 /* green@2x.png */,
				16D5BE611B8D6DFD00439DA3 /* green@3x.png */,
				16D5BE621B8D6DFD00439DA3 /* indicator.png */,
				16D5BE631B8D6DFD00439DA3 /* indicator@2x.png */,
				16D5BE641B8D6DFD00439DA3 /* indicator@3x.png */,
				16D5BE651B8D6DFD00439DA3 /* pulse.png */,
				16D5BE661B8D6DFD00439DA3 /* pulse@2x.png */,
				16D5BE671B8D6DFD00439DA3 /* pulse@3x.png */,
				16D5BE681B8D6DFD00439DA3 /* red.png */,
				16D5BE691B8D6DFD00439DA3 /* red@2x.png */,
				16D5BE6A1B8D6DFD00439DA3 /* red@3x.png */,
			);
			name = images;
			sourceTree = "<group>";
		};
		16D5BE861B8EE5A300439DA3 /* Model */ = {
			isa = PBXGroup;
			children = (
				16D5BE831B8EE59500439DA3 /* WebEntry.h */,
				16D5BE841B8EE59500439DA3 /* WebEntry.m */,
				16D5BE471B8C43CF00439DA3 /* WebStore.h */,
				16D5BE481B8C43CF00439DA3 /* WebStore.m */,
			);
			name = Model;
			sourceTree = "<group>";
		};
		16D5BE871B8EE5C500439DA3 /* View */ = {
			isa = PBXGroup;
			children = (
				16D5BE7C1B8D989C00439DA3 /* HeaderView.xib */,
				16D5BE7E1B8D98E200439DA3 /* HeaderView.h */,
				16D5BE7F1B8D98E200439DA3 /* HeaderView.m */,
				16D5BE571B8D6D1000439DA3 /* DetailViewTableViewCell.h */,
				16D5BE581B8D6D1000439DA3 /* DetailViewTableViewCell.m */,
				16D5BE591B8D6D1000439DA3 /* DetailViewTableViewCell.xib */,
			);
			name = View;
			sourceTree = "<group>";
		};
		16D5BE881B8EE5EB00439DA3 /* Controller */ = {
			isa = PBXGroup;
			children = (
				16D5BE251B8C2B2A00439DA3 /* ViewController.h */,
				16D5BE261B8C2B2A00439DA3 /* ViewController.m */,
				16D5BE441B8C3F1F00439DA3 /* WebTableViewController.h */,
				16D5BE451B8C3F1F00439DA3 /* WebTableViewController.m */,
			);
			name = Controller;
			sourceTree = "<group>";
		};
/* End PBXGroup section */

/* Begin PBXNativeTarget section */
		16D5BE1A1B8C2B2A00439DA3 /* NetMonitor */ = {
			isa = PBXNativeTarget;
			buildConfigurationList = 16D5BE3E1B8C2B2A00439DA3 /* Build configuration list for PBXNativeTarget "NetMonitor" */;
			buildPhases = (
				16D5BE171B8C2B2A00439DA3 /* Sources */,
				16D5BE181B8C2B2A00439DA3 /* Frameworks */,
				16D5BE191B8C2B2A00439DA3 /* Resources */,
			);
			buildRules = (
			);
			dependencies = (
			);
			name = NetMonitor;
			productName = NetMonitor;
			productReference = 16D5BE1B1B8C2B2A00439DA3 /* NetMonitor.app */;
			productType = "com.apple.product-type.application";
		};
		16D5BE331B8C2B2A00439DA3 /* NetMonitorTests */ = {
			isa = PBXNativeTarget;
			buildConfigurationList = 16D5BE411B8C2B2A00439DA3 /* Build configuration list for PBXNativeTarget "NetMonitorTests" */;
			buildPhases = (
				16D5BE301B8C2B2A00439DA3 /* Sources */,
				16D5BE311B8C2B2A00439DA3 /* Frameworks */,
				16D5BE321B8C2B2A00439DA3 /* Resources */,
			);
			buildRules = (
			);
			dependencies = (
				16D5BE361B8C2B2A00439DA3 /* PBXTargetDependency */,
			);
			name = NetMonitorTests;
			productName = NetMonitorTests;
			productReference = 16D5BE341B8C2B2A00439DA3 /* NetMonitorTests.xctest */;
			productType = "com.apple.product-type.bundle.unit-test";
		};
/* End PBXNativeTarget section */

/* Begin PBXProject section */
		16D5BE131B8C2B2A00439DA3 /* Project object */ = {
			isa = PBXProject;
			attributes = {
				LastUpgradeCheck = 0640;
				ORGANIZATIONNAME = "柏晓强";
				TargetAttributes = {
					16D5BE1A1B8C2B2A00439DA3 = {
						CreatedOnToolsVersion = 6.4;
					};
					16D5BE331B8C2B2A00439DA3 = {
						CreatedOnToolsVersion = 6.4;
						TestTargetID = 16D5BE1A1B8C2B2A00439DA3;
					};
				};
			};
			buildConfigurationList = 16D5BE161B8C2B2A00439DA3 /* Build configuration list for PBXProject "NetMonitor" */;
			compatibilityVersion = "Xcode 3.2";
			developmentRegion = English;
			hasScannedForEncodings = 0;
			knownRegions = (
				en,
				Base,
			);
			mainGroup = 16D5BE121B8C2B2A00439DA3;
			productRefGroup = 16D5BE1C1B8C2B2A00439DA3 /* Products */;
			projectDirPath = "";
			projectRoot = "";
			targets = (
				16D5BE1A1B8C2B2A00439DA3 /* NetMonitor */,
				16D5BE331B8C2B2A00439DA3 /* NetMonitorTests */,
			);
		};
/* End PBXProject section */

/* Begin PBXResourcesBuildPhase section */
		16D5BE191B8C2B2A00439DA3 /* Resources */ = {
			isa = PBXResourcesBuildPhase;
			buildActionMask = 2147483647;
			files = (
				16D5BE2A1B8C2B2A00439DA3 /* Main.storyboard in Resources */,
				16D5BE741B8D6DFD00439DA3 /* pulse.png in Resources */,
				16D5BE701B8D6DFD00439DA3 /* green@3x.png in Resources */,
				16D5BE761B8D6DFD00439DA3 /* pulse@3x.png in Resources */,
				16D5BE781B8D6DFD00439DA3 /* red@2x.png in Resources */,
				16D5BE791B8D6DFD00439DA3 /* red@3x.png in Resources */,
				16D5BE771B8D6DFD00439DA3 /* red.png in Resources */,
				16D5BE731B8D6DFD00439DA3 /* indicator@3x.png in Resources */,
				16D5BE721B8D6DFD00439DA3 /* indicator@2x.png in Resources */,
				16D5BE711B8D6DFD00439DA3 /* indicator.png in Resources */,
				16D5BE6B1B8D6DFD00439DA3 /* code.png in Resources */,
				16D5BE7D1B8D989C00439DA3 /* HeaderView.xib in Resources */,
				16D5BE5B1B8D6D1000439DA3 /* DetailViewTableViewCell.xib in Resources */,
				16D5BE6C1B8D6DFD00439DA3 /* code@2x.png in Resources */,
				16D5BE6D1B8D6DFD00439DA3 /* code@3x.png in Resources */,
				16D5BE751B8D6DFD00439DA3 /* pulse@2x.png in Resources */,
				16D5BE6E1B8D6DFD00439DA3 /* green.png in Resources */,
				16D5BE6F1B8D6DFD00439DA3 /* green@2x.png in Resources */,
				16D5BE2F1B8C2B2A00439DA3 /* LaunchScreen.xib in Resources */,
				16D5BE2C1B8C2B2A00439DA3 /* Images.xcassets in Resources */,
			);
			runOnlyForDeploymentPostprocessing = 0;
		};
		16D5BE321B8C2B2A00439DA3 /* Resources */ = {
			isa = PBXResourcesBuildPhase;
			buildActionMask = 2147483647;
			files = (
			);
			runOnlyForDeploymentPostprocessing = 0;
		};
/* End PBXResourcesBuildPhase section */

/* Begin PBXSourcesBuildPhase section */
		16D5BE171B8C2B2A00439DA3 /* Sources */ = {
			isa = PBXSourcesBuildPhase;
			buildActionMask = 2147483647;
			files = (
				16D5BE801B8D98E200439DA3 /* HeaderView.m in Sources */,
				16D5BE461B8C3F1F00439DA3 /* WebTableViewController.m in Sources */,
				16D5BE271B8C2B2A00439DA3 /* ViewController.m in Sources */,
				16D5BE491B8C43CF00439DA3 /* WebStore.m in Sources */,
				16D5BE241B8C2B2A00439DA3 /* AppDelegate.m in Sources */,
				16D5BE851B8EE59500439DA3 /* WebEntry.m in Sources */,
				16D5BE211B8C2B2A00439DA3 /* main.m in Sources */,
				16D5BE5A1B8D6D1000439DA3 /* DetailViewTableViewCell.m in Sources */,
			);
			runOnlyForDeploymentPostprocessing = 0;
		};
		16D5BE301B8C2B2A00439DA3 /* Sources */ = {
			isa = PBXSourcesBuildPhase;
			buildActionMask = 2147483647;
			files = (
				16D5BE3B1B8C2B2A00439DA3 /* NetMonitorTests.m in Sources */,
			);
			runOnlyForDeploymentPostprocessing = 0;
		};
/* End PBXSourcesBuildPhase section */

/* Begin PBXTargetDependency section */
		16D5BE361B8C2B2A00439DA3 /* PBXTargetDependency */ = {
			isa = PBXTargetDependency;
			target = 16D5BE1A1B8C2B2A00439DA3 /* NetMonitor */;
			targetProxy = 16D5BE351B8C2B2A00439DA3 /* PBXContainerItemProxy */;
		};
/* End PBXTargetDependency section */

/* Begin PBXVariantGroup section */
		16D5BE281B8C2B2A00439DA3 /* Main.storyboard */ = {
			isa = PBXVariantGroup;
			children = (
				16D5BE291B8C2B2A00439DA3 /* Base */,
			);
			name = Main.storyboard;
			sourceTree = "<group>";
		};
		16D5BE2D1B8C2B2A00439DA3 /* LaunchScreen.xib */ = {
			isa = PBXVariantGroup;
			children = (
				16D5BE2E1B8C2B2A00439DA3 /* Base */,
			);
			name = LaunchScreen.xib;
			sourceTree = "<group>";
		};
/* End PBXVariantGroup section */

/* Begin XCBuildConfiguration section */
		16D5BE3C1B8C2B2A00439DA3 /* Debug */ = {
			isa = XCBuildConfiguration;
			buildSettings = {
				ALWAYS_SEARCH_USER_PATHS = NO;
				CLANG_CXX_LANGUAGE_STANDARD = "gnu++0x";
				CLANG_CXX_LIBRARY = "libc++";
				CLANG_ENABLE_MODULES = YES;
				CLANG_ENABLE_OBJC_ARC = YES;
				CLANG_WARN_BOOL_CONVERSION = YES;
				CLANG_WARN_CONSTANT_CONVERSION = YES;
				CLANG_WARN_DIRECT_OBJC_ISA_USAGE = YES_ERROR;
				CLANG_WARN_EMPTY_BODY = YES;
				CLANG_WARN_ENUM_CONVERSION = YES;
				CLANG_WARN_INT_CONVERSION = YES;
				CLANG_WARN_OBJC_ROOT_CLASS = YES_ERROR;
				CLANG_WARN_UNREACHABLE_CODE = YES;
				CLANG_WARN__DUPLICATE_METHOD_MATCH = YES;
				"CODE_SIGN_IDENTITY[sdk=iphoneos*]" = "iPhone Developer";
				COPY_PHASE_STRIP = NO;
				DEBUG_INFORMATION_FORMAT = "dwarf-with-dsym";
				ENABLE_STRICT_OBJC_MSGSEND = YES;
				GCC_C_LANGUAGE_STANDARD = gnu99;
				GCC_DYNAMIC_NO_PIC = NO;
				GCC_NO_COMMON_BLOCKS = YES;
				GCC_OPTIMIZATION_LEVEL = 0;
				GCC_PREPROCESSOR_DEFINITIONS = (
					"DEBUG=1",
					"$(inherited)",
				);
				GCC_SYMBOLS_PRIVATE_EXTERN = NO;
				GCC_WARN_64_TO_32_BIT_CONVERSION = YES;
				GCC_WARN_ABOUT_RETURN_TYPE = YES_ERROR;
				GCC_WARN_UNDECLARED_SELECTOR = YES;
				GCC_WARN_UNINITIALIZED_AUTOS = YES_AGGRESSIVE;
				GCC_WARN_UNUSED_FUNCTION = YES;
				GCC_WARN_UNUSED_VARIABLE = YES;
				IPHONEOS_DEPLOYMENT_TARGET = 8.4;
				MTL_ENABLE_DEBUG_INFO = YES;
				ONLY_ACTIVE_ARCH = YES;
				SDKROOT = iphoneos;
			};
			name = Debug;
		};
		16D5BE3D1B8C2B2A00439DA3 /* Release */ = {
			isa = XCBuildConfiguration;
			buildSettings = {
				ALWAYS_SEARCH_USER_PATHS = NO;
				CLANG_CXX_LANGUAGE_STANDARD = "gnu++0x";
				CLANG_CXX_LIBRARY = "libc++";
				CLANG_ENABLE_MODULES = YES;
				CLANG_ENABLE_OBJC_ARC = YES;
				CLANG_WARN_BOOL_CONVERSION = YES;
				CLANG_WARN_CONSTANT_CONVERSION = YES;
				CLANG_WARN_DIRECT_OBJC_ISA_USAGE = YES_ERROR;
				CLANG_WARN_EMPTY_BODY = YES;
				CLANG_WARN_ENUM_CONVERSION = YES;
				CLANG_WARN_INT_CONVERSION = YES;
				CLANG_WARN_OBJC_ROOT_CLASS = YES_ERROR;
				CLANG_WARN_UNREACHABLE_CODE = YES;
				CLANG_WARN__DUPLICATE_METHOD_MATCH = YES;
				"CODE_SIGN_IDENTITY[sdk=iphoneos*]" = "iPhone Developer";
				COPY_PHASE_STRIP = NO;
				DEBUG_INFORMATION_FORMAT = "dwarf-with-dsym";
				ENABLE_NS_ASSERTIONS = NO;
				ENABLE_STRICT_OBJC_MSGSEND = YES;
				GCC_C_LANGUAGE_STANDARD = gnu99;
				GCC_NO_COMMON_BLOCKS = YES;
				GCC_WARN_64_TO_32_BIT_CONVERSION = YES;
				GCC_WARN_ABOUT_RETURN_TYPE = YES_ERROR;
				GCC_WARN_UNDECLARED_SELECTOR = YES;
				GCC_WARN_UNINITIALIZED_AUTOS = YES_AGGRESSIVE;
				GCC_WARN_UNUSED_FUNCTION = YES;
				GCC_WARN_UNUSED_VARIABLE = YES;
				IPHONEOS_DEPLOYMENT_TARGET = 8.4;
				MTL_ENABLE_DEBUG_INFO = NO;
				SDKROOT = iphoneos;
				VALIDATE_PRODUCT = YES;
			};
			name = Release;
		};
		16D5BE3F1B8C2B2A00439DA3 /* Debug */ = {
			isa = XCBuildConfiguration;
			buildSettings = {
				ASSETCATALOG_COMPILER_APPICON_NAME = AppIcon;
				INFOPLIST_FILE = NetMonitor/Info.plist;
				LD_RUNPATH_SEARCH_PATHS = "$(inherited) @executable_path/Frameworks";
				PRODUCT_NAME = "$(TARGET_NAME)";
			};
			name = Debug;
		};
		16D5BE401B8C2B2A00439DA3 /* Release */ = {
			isa = XCBuildConfiguration;
			buildSettings = {
				ASSETCATALOG_COMPILER_APPICON_NAME = AppIcon;
				INFOPLIST_FILE = NetMonitor/Info.plist;
				LD_RUNPATH_SEARCH_PATHS = "$(inherited) @executable_path/Frameworks";
				PRODUCT_NAME = "$(TARGET_NAME)";
			};
			name = Release;
		};
		16D5BE421B8C2B2A00439DA3 /* Debug */ = {
			isa = XCBuildConfiguration;
			buildSettings = {
				BUNDLE_LOADER = "$(TEST_HOST)";
				FRAMEWORK_SEARCH_PATHS = (
					"$(SDKROOT)/Developer/Library/Frameworks",
					"$(inherited)",
				);
				GCC_PREPROCESSOR_DEFINITIONS = (
					"DEBUG=1",
					"$(inherited)",
				);
				INFOPLIST_FILE = NetMonitorTests/Info.plist;
				LD_RUNPATH_SEARCH_PATHS = "$(inherited) @executable_path/Frameworks @loader_path/Frameworks";
				PRODUCT_NAME = "$(TARGET_NAME)";
				TEST_HOST = "$(BUILT_PRODUCTS_DIR)/NetMonitor.app/NetMonitor";
			};
			name = Debug;
		};
		16D5BE431B8C2B2A00439DA3 /* Release */ = {
			isa = XCBuildConfiguration;
			buildSettings = {
				BUNDLE_LOADER = "$(TEST_HOST)";
				FRAMEWORK_SEARCH_PATHS = (
					"$(SDKROOT)/Developer/Library/Frameworks",
					"$(inherited)",
				);
				INFOPLIST_FILE = NetMonitorTests/Info.plist;
				LD_RUNPATH_SEARCH_PATHS = "$(inherited) @executable_path/Frameworks @loader_path/Frameworks";
				PRODUCT_NAME = "$(TARGET_NAME)";
				TEST_HOST = "$(BUILT_PRODUCTS_DIR)/NetMonitor.app/NetMonitor";
			};
			name = Release;
		};
/* End XCBuildConfiguration section */

/* Begin XCConfigurationList section */
		16D5BE161B8C2B2A00439DA3 /* Build configuration list for PBXProject "NetMonitor" */ = {
			isa = XCConfigurationList;
			buildConfigurations = (
				16D5BE3C1B8C2B2A00439DA3 /* Debug */,
				16D5BE3D1B8C2B2A00439DA3 /* Release */,
			);
			defaultConfigurationIsVisible = 0;
			defaultConfigurationName = Release;
		};
		16D5BE3E1B8C2B2A00439DA3 /* Build configuration list for PBXNativeTarget "NetMonitor" */ = {
			isa = XCConfigurationList;
			buildConfigurations = (
				16D5BE3F1B8C2B2A00439DA3 /* Debug */,
				16D5BE401B8C2B2A00439DA3 /* Release */,
			);
			defaultConfigurationIsVisible = 0;
			defaultConfigurationName = Release;
		};
		16D5BE411B8C2B2A00439DA3 /* Build configuration list for PBXNativeTarget "NetMonitorTests" */ = {
			isa = XCConfigurationList;
			buildConfigurations = (
				16D5BE421B8C2B2A00439DA3 /* Debug */,
				16D5BE431B8C2B2A00439DA3 /* Release */,
			);
			defaultConfigurationIsVisible = 0;
			defaultConfigurationName = Release;
		};
/* End XCConfigurationList section */
	};
	rootObject = 16D5BE131B8C2B2A00439DA3 /* Project object */;
}
